// !$*UTF8*$!
{
	archiveVersion = 1;
	classes = {
	};
	objectVersion = 46;
	objects = {

/* Begin PBXBuildFile section */
		74FB8A991AA6BA4D00849706 /* main.m in Sources */ = {isa = PBXBuildFile; fileRef = 74FB8A981AA6BA4D00849706 /* main.m */; };
		74FB8A9C1AA6BA4D00849706 /* AppDelegate.m in Sources */ = {isa = PBXBuildFile; fileRef = 74FB8A9B1AA6BA4D00849706 /* AppDelegate.m */; };
		74FB8A9F1AA6BA4D00849706 /* ViewController.m in Sources */ = {isa = PBXBuildFile; fileRef = 74FB8A9E1AA6BA4D00849706 /* ViewController.m */; };
		74FB8AA21AA6BA4D00849706 /* Main.storyboard in Resources */ = {isa = PBXBuildFile; fileRef = 74FB8AA01AA6BA4D00849706 /* Main.storyboard */; };
		74FB8AA41AA6BA4D00849706 /* Images.xcassets in Resources */ = {isa = PBXBuildFile; fileRef = 74FB8AA31AA6BA4D00849706 /* Images.xcassets */; };
		74FB8AA71AA6BA4D00849706 /* LaunchScreen.xib in Resources */ = {isa = PBXBuildFile; fileRef = 74FB8AA51AA6BA4D00849706 /* LaunchScreen.xib */; };
		74FB8AB31AA6BA4D00849706 /* Nothing2DoTests.m in Sources */ = {isa = PBXBuildFile; fileRef = 74FB8AB21AA6BA4D00849706 /* Nothing2DoTests.m */; };
		74FB8AC01AA6C80600849706 /* FLAnimatedImage.m in Sources */ = {isa = PBXBuildFile; fileRef = 74FB8ABD1AA6C80600849706 /* FLAnimatedImage.m */; };
		74FB8AC11AA6C80600849706 /* FLAnimatedImageView.m in Sources */ = {isa = PBXBuildFile; fileRef = 74FB8ABF1AA6C80600849706 /* FLAnimatedImageView.m */; };
		74FB8AC41AA6C83A00849706 /* rock.gif in Resources */ = {isa = PBXBuildFile; fileRef = 74FB8AC31AA6C83A00849706 /* rock.gif */; };
		74FB8AC61AA6D1D600849706 /* 1.gif in Resources */ = {isa = PBXBuildFile; fileRef = 74FB8AC51AA6D1D600849706 /* 1.gif */; };
/* End PBXBuildFile section */

/* Begin PBXContainerItemProxy section */
		74FB8AAD1AA6BA4D00849706 /* PBXContainerItemProxy */ = {
			isa = PBXContainerItemProxy;
			containerPortal = 74FB8A8B1AA6BA4D00849706 /* Project object */;
			proxyType = 1;
			remoteGlobalIDString = 74FB8A921AA6BA4D00849706;
			remoteInfo = Nothing2Do;
		};
/* End PBXContainerItemProxy section */

/* Begin PBXFileReference section */
		74FB8A931AA6BA4D00849706 /* Nothing2Do.app */ = {isa = PBXFileReference; explicitFileType = wrapper.application; includeInIndex = 0; path = Nothing2Do.app; sourceTree = BUILT_PRODUCTS_DIR; };
		74FB8A971AA6BA4D00849706 /* Info.plist */ = {isa = PBXFileReference; lastKnownFileType = text.plist.xml; path = Info.plist; sourceTree = "<group>"; };
		74FB8A981AA6BA4D00849706 /* main.m */ = {isa = PBXFileReference; lastKnownFileType = sourcecode.c.objc; path = main.m; sourceTree = "<group>"; };
		74FB8A9A1AA6BA4D00849706 /* AppDelegate.h */ = {isa = PBXFileReference; lastKnownFileType = sourcecode.c.h; path = AppDelegate.h; sourceTree = "<group>"; };
		74FB8A9B1AA6BA4D00849706 /* AppDelegate.m */ = {isa = PBXFileReference; lastKnownFileType = sourcecode.c.objc; path = AppDelegate.m; sourceTree = "<group>"; };
		74FB8A9D1AA6BA4D00849706 /* ViewController.h */ = {isa = PBXFileReference; lastKnownFileType = sourcecode.c.h; path = ViewController.h; sourceTree = "<group>"; };
		74FB8A9E1AA6BA4D00849706 /* ViewController.m */ = {isa = PBXFileReference; lastKnownFileType = sourcecode.c.objc; path = ViewController.m; sourceTree = "<group>"; };
		74FB8AA11AA6BA4D00849706 /* Base */ = {isa = PBXFileReference; lastKnownFileType = file.storyboard; name = Base; path = Base.lproj/Main.storyboard; sourceTree = "<group>"; };
		74FB8AA31AA6BA4D00849706 /* Images.xcassets */ = {isa = PBXFileReference; lastKnownFileType = folder.assetcatalog; path = Images.xcassets; sourceTree = "<group>"; };
		74FB8AA61AA6BA4D00849706 /* Base */ = {isa = PBXFileReference; lastKnownFileType = file.xib; name = Base; path = Base.lproj/LaunchScreen.xib; sourceTree = "<group>"; };
		74FB8AAC1AA6BA4D00849706 /* Nothing2DoTests.xctest */ = {isa = PBXFileReference; explicitFileType = wrapper.cfbundle; includeInIndex = 0; path = Nothing2DoTests.xctest; sourceTree = BUILT_PRODUCTS_DIR; };
		74FB8AB11AA6BA4D00849706 /* Info.plist */ = {isa = PBXFileReference; lastKnownFileType = text.plist.xml; path = Info.plist; sourceTree = "<group>"; };
		74FB8AB21AA6BA4D00849706 /* Nothing2DoTests.m */ = {isa = PBXFileReference; lastKnownFileType = sourcecode.c.objc; path = Nothing2DoTests.m; sourceTree = "<group>"; };
		74FB8ABC1AA6C80600849706 /* FLAnimatedImage.h */ = {isa = PBXFileReference; fileEncoding = 4; lastKnownFileType = sourcecode.c.h; path = FLAnimatedImage.h; sourceTree = "<group>"; };
		74FB8ABD1AA6C80600849706 /* FLAnimatedImage.m */ = {isa = PBXFileReference; fileEncoding = 4; lastKnownFileType = sourcecode.c.objc; path = FLAnimatedImage.m; sourceTree = "<group>"; };
		74FB8ABE1AA6C80600849706 /* FLAnimatedImageView.h */ = {isa = PBXFileReference; fileEncoding = 4; lastKnownFileType = sourcecode.c.h; path = FLAnimatedImageView.h; sourceTree = "<group>"; };
		74FB8ABF1AA6C80600849706 /* FLAnimatedImageView.m */ = {isa = PBXFileReference; fileEncoding = 4; lastKnownFileType = sourcecode.c.objc; path = FLAnimatedImageView.m; sourceTree = "<group>"; };
		74FB8AC31AA6C83A00849706 /* rock.gif */ = {isa = PBXFileReference; lastKnownFileType = image.gif; path = rock.gif; sourceTree = "<group>"; };
		74FB8AC51AA6D1D600849706 /* 1.gif */ = {isa = PBXFileReference; lastKnownFileType = image.gif; path = 1.gif; sourceTree = "<group>"; };
/* End PBXFileReference section */

/* Begin PBXFrameworksBuildPhase section */
		74FB8A901AA6BA4D00849706 /* Frameworks */ = {
			isa = PBXFrameworksBuildPhase;
			buildActionMask = 2147483647;
			files = (
			);
			runOnlyForDeploymentPostprocessing = 0;
		};
		74FB8AA91AA6BA4D00849706 /* Frameworks */ = {
			isa = PBXFrameworksBuildPhase;
			buildActionMask = 2147483647;
			files = (
			);
			runOnlyForDeploymentPostprocessing = 0;
		};
/* End PBXFrameworksBuildPhase section */

/* Begin PBXGroup section */
		74FB8A8A1AA6BA4D00849706 = {
			isa = PBXGroup;
			children = (
				74FB8AC21AA6C81500849706 /* Image */,
				74FB8A951AA6BA4D00849706 /* Nothing2Do */,
				74FB8AAF1AA6BA4D00849706 /* Nothing2DoTests */,
				74FB8A941AA6BA4D00849706 /* Products */,
			);
			sourceTree = "<group>";
		};
		74FB8A941AA6BA4D00849706 /* Products */ = {
			isa = PBXGroup;
			children = (
				74FB8A931AA6BA4D00849706 /* Nothing2Do.app */,
				74FB8AAC1AA6BA4D00849706 /* Nothing2DoTests.xctest */,
			);
			name = Products;
			sourceTree = "<group>";
		};
		74FB8A951AA6BA4D00849706 /* Nothing2Do */ = {
			isa = PBXGroup;
			children = (
				74FB8ABC1AA6C80600849706 /* FLAnimatedImage.h */,
				74FB8ABD1AA6C80600849706 /* FLAnimatedImage.m */,
				74FB8ABE1AA6C80600849706 /* FLAnimatedImageView.h */,
				74FB8ABF1AA6C80600849706 /* FLAnimatedImageView.m */,
				74FB8A9A1AA6BA4D00849706 /* AppDelegate.h */,
				74FB8A9B1AA6BA4D00849706 /* AppDelegate.m */,
				74FB8A9D1AA6BA4D00849706 /* ViewController.h */,
				74FB8A9E1AA6BA4D00849706 /* ViewController.m */,
				74FB8AA01AA6BA4D00849706 /* Main.storyboard */,
				74FB8AA31AA6BA4D00849706 /* Images.xcassets */,
				74FB8AA51AA6BA4D00849706 /* LaunchScreen.xib */,
				74FB8A961AA6BA4D00849706 /* Supporting Files */,
			);
			path = Nothing2Do;
			sourceTree = "<group>";
		};
		74FB8A961AA6BA4D00849706 /* Supporting Files */ = {
			isa = PBXGroup;
			children = (
				74FB8A971AA6BA4D00849706 /* Info.plist */,
				74FB8A981AA6BA4D00849706 /* main.m */,
			);
			name = "Supporting Files";
			sourceTree = "<group>";
		};
		74FB8AAF1AA6BA4D00849706 /* Nothing2DoTests */ = {
			isa = PBXGroup;
			children = (
				74FB8AB21AA6BA4D00849706 /* Nothing2DoTests.m */,
				74FB8AB01AA6BA4D00849706 /* Supporting Files */,
			);
			path = Nothing2DoTests;
			sourceTree = "<group>";
		};
		74FB8AB01AA6BA4D00849706 /* Supporting Files */ = {
			isa = PBXGroup;
			children = (
				74FB8AB11AA6BA4D00849706 /* Info.plist */,
			);
			name = "Supporting Files";
			sourceTree = "<group>";
		};
		74FB8AC21AA6C81500849706 /* Image */ = {
			isa = PBXGroup;
			children = (
				74FB8AC51AA6D1D600849706 /* 1.gif */,
				74FB8AC31AA6C83A00849706 /* rock.gif */,
			);
			name = Image;
			sourceTree = "<group>";
		};
/* End PBXGroup section */

/* Begin PBXNativeTarget section */
		74FB8A921AA6BA4D00849706 /* Nothing2Do */ = {
			isa = PBXNativeTarget;
			buildConfigurationList = 74FB8AB61AA6BA4D00849706 /* Build configuration list for PBXNativeTarget "Nothing2Do" */;
			buildPhases = (
				74FB8A8F1AA6BA4D00849706 /* Sources */,
				74FB8A901AA6BA4D00849706 /* Frameworks */,
				74FB8A911AA6BA4D00849706 /* Resources */,
			);
			buildRules = (
			);
			dependencies = (
			);
			name = Nothing2Do;
			productName = Nothing2Do;
			productReference = 74FB8A931AA6BA4D00849706 /* Nothing2Do.app */;
			productType = "com.apple.product-type.application";
		};
		74FB8AAB1AA6BA4D00849706 /* Nothing2DoTests */ = {
			isa = PBXNativeTarget;
			buildConfigurationList = 74FB8AB91AA6BA4D00849706 /* Build configuration list for PBXNativeTarget "Nothing2DoTests" */;
			buildPhases = (
				74FB8AA81AA6BA4D00849706 /* Sources */,
				74FB8AA91AA6BA4D00849706 /* Frameworks */,
				74FB8AAA1AA6BA4D00849706 /* Resources */,
			);
			buildRules = (
			);
			dependencies = (
				74FB8AAE1AA6BA4D00849706 /* PBXTargetDependency */,
			);
			name = Nothing2DoTests;
			productName = Nothing2DoTests;
			productReference = 74FB8AAC1AA6BA4D00849706 /* Nothing2DoTests.xctest */;
			productType = "com.apple.product-type.bundle.unit-test";
		};
/* End PBXNativeTarget section */

/* Begin PBXProject section */
		74FB8A8B1AA6BA4D00849706 /* Project object */ = {
			isa = PBXProject;
			attributes = {
				LastUpgradeCheck = 0610;
				ORGANIZATIONNAME = ChaunceyLu;
				TargetAttributes = {
					74FB8A921AA6BA4D00849706 = {
						CreatedOnToolsVersion = 6.1.1;
					};
					74FB8AAB1AA6BA4D00849706 = {
						CreatedOnToolsVersion = 6.1.1;
						TestTargetID = 74FB8A921AA6BA4D00849706;
					};
				};
			};
			buildConfigurationList = 74FB8A8E1AA6BA4D00849706 /* Build configuration list for PBXProject "Nothing2Do" */;
			compatibilityVersion = "Xcode 3.2";
			developmentRegion = English;
			hasScannedForEncodings = 0;
			knownRegions = (
				en,
				Base,
			);
			mainGroup = 74FB8A8A1AA6BA4D00849706;
			productRefGroup = 74FB8A941AA6BA4D00849706 /* Products */;
			projectDirPath = "";
			projectRoot = "";
			targets = (
				74FB8A921AA6BA4D00849706 /* Nothing2Do */,
				74FB8AAB1AA6BA4D00849706 /* Nothing2DoTests */,
			);
		};
/* End PBXProject section */

/* Begin PBXResourcesBuildPhase section */
		74FB8A911AA6BA4D00849706 /* Resources */ = {
			isa = PBXResourcesBuildPhase;
			buildActionMask = 2147483647;
			files = (
				74FB8AA21AA6BA4D00849706 /* Main.storyboard in Resources */,
				74FB8AA71AA6BA4D00849706 /* LaunchScreen.xib in Resources */,
				74FB8AA41AA6BA4D00849706 /* Images.xcassets in Resources */,
				74FB8AC61AA6D1D600849706 /* 1.gif in Resources */,
				74FB8AC41AA6C83A00849706 /* rock.gif in Resources */,
			);
			runOnlyForDeploymentPostprocessing = 0;
		};
		74FB8AAA1AA6BA4D00849706 /* Resources */ = {
			isa = PBXResourcesBuildPhase;
			buildActionMask = 2147483647;
			files = (
			);
			runOnlyForDeploymentPostprocessing = 0;
		};
/* End PBXResourcesBuildPhase section */

/* Begin PBXSourcesBuildPhase section */
		74FB8A8F1AA6BA4D00849706 /* Sources */ = {
			isa = PBXSourcesBuildPhase;
			buildActionMask = 2147483647;
			files = (
				74FB8AC01AA6C80600849706 /* FLAnimatedImage.m in Sources */,
				74FB8A9F1AA6BA4D00849706 /* ViewController.m in Sources */,
				74FB8AC11AA6C80600849706 /* FLAnimatedImageView.m in Sources */,
				74FB8A9C1AA6BA4D00849706 /* AppDelegate.m in Sources */,
				74FB8A991AA6BA4D00849706 /* main.m in Sources */,
			);
			runOnlyForDeploymentPostprocessing = 0;
		};
		74FB8AA81AA6BA4D00849706 /* Sources */ = {
			isa = PBXSourcesBuildPhase;
			buildActionMask = 2147483647;
			files = (
				74FB8AB31AA6BA4D00849706 /* Nothing2DoTests.m in Sources */,
			);
			runOnlyForDeploymentPostprocessing = 0;
		};
/* End PBXSourcesBuildPhase section */

/* Begin PBXTargetDependency section */
		74FB8AAE1AA6BA4D00849706 /* PBXTargetDependency */ = {
			isa = PBXTargetDependency;
			target = 74FB8A921AA6BA4D00849706 /* Nothing2Do */;
			targetProxy = 74FB8AAD1AA6BA4D00849706 /* PBXContainerItemProxy */;
		};
/* End PBXTargetDependency section */

/* Begin PBXVariantGroup section */
		74FB8AA01AA6BA4D00849706 /* Main.storyboard */ = {
			isa = PBXVariantGroup;
			children = (
				74FB8AA11AA6BA4D00849706 /* Base */,
			);
			name = Main.storyboard;
			sourceTree = "<group>";
		};
		74FB8AA51AA6BA4D00849706 /* LaunchScreen.xib */ = {
			isa = PBXVariantGroup;
			children = (
				74FB8AA61AA6BA4D00849706 /* Base */,
			);
			name = LaunchScreen.xib;
			sourceTree = "<group>";
		};
/* End PBXVariantGroup section */

/* Begin XCBuildConfiguration section */
		74FB8AB41AA6BA4D00849706 /* Debug */ = {
			isa = XCBuildConfiguration;
			buildSettings = {
				ALWAYS_SEARCH_USER_PATHS = NO;
				CLANG_CXX_LANGUAGE_STANDARD = "gnu++0x";
				CLANG_CXX_LIBRARY = "libc++";
				CLANG_ENABLE_MODULES = YES;
				CLANG_ENABLE_OBJC_ARC = YES;
				CLANG_WARN_BOOL_CONVERSION = YES;
				CLANG_WARN_CONSTANT_CONVERSION = YES;
				CLANG_WARN_DIRECT_OBJC_ISA_USAGE = YES_ERROR;
				CLANG_WARN_EMPTY_BODY = YES;
				CLANG_WARN_ENUM_CONVERSION = YES;
				CLANG_WARN_INT_CONVERSION = YES;
				CLANG_WARN_OBJC_ROOT_CLASS = YES_ERROR;
				CLANG_WARN_UNREACHABLE_CODE = YES;
				CLANG_WARN__DUPLICATE_METHOD_MATCH = YES;
				"CODE_SIGN_IDENTITY[sdk=iphoneos*]" = "iPhone Developer";
				COPY_PHASE_STRIP = NO;
				ENABLE_STRICT_OBJC_MSGSEND = YES;
				GCC_C_LANGUAGE_STANDARD = gnu99;
				GCC_DYNAMIC_NO_PIC = NO;
				GCC_OPTIMIZATION_LEVEL = 0;
				GCC_PREPROCESSOR_DEFINITIONS = (
					"DEBUG=1",
					"$(inherited)",
				);
				GCC_SYMBOLS_PRIVATE_EXTERN = NO;
				GCC_WARN_64_TO_32_BIT_CONVERSION = YES;
				GCC_WARN_ABOUT_RETURN_TYPE = YES_ERROR;
				GCC_WARN_UNDECLARED_SELECTOR = YES;
				GCC_WARN_UNINITIALIZED_AUTOS = YES_AGGRESSIVE;
				GCC_WARN_UNUSED_FUNCTION = YES;
				GCC_WARN_UNUSED_VARIABLE = YES;
				IPHONEOS_DEPLOYMENT_TARGET = 8.1;
				MTL_ENABLE_DEBUG_INFO = YES;
				ONLY_ACTIVE_ARCH = YES;
				SDKROOT = iphoneos;
			};
			name = Debug;
		};
		74FB8AB51AA6BA4D00849706 /* Release */ = {
			isa = XCBuildConfiguration;
			buildSettings = {
				ALWAYS_SEARCH_USER_PATHS = NO;
				CLANG_CXX_LANGUAGE_STANDARD = "gnu++0x";
				CLANG_CXX_LIBRARY = "libc++";
				CLANG_ENABLE_MODULES = YES;
				CLANG_ENABLE_OBJC_ARC = YES;
				CLANG_WARN_BOOL_CONVERSION = YES;
				CLANG_WARN_CONSTANT_CONVERSION = YES;
				CLANG_WARN_DIRECT_OBJC_ISA_USAGE = YES_ERROR;
				CLANG_WARN_EMPTY_BODY = YES;
				CLANG_WARN_ENUM_CONVERSION = YES;
				CLANG_WARN_INT_CONVERSION = YES;
				CLANG_WARN_OBJC_ROOT_CLASS = YES_ERROR;
				CLANG_WARN_UNREACHABLE_CODE = YES;
				CLANG_WARN__DUPLICATE_METHOD_MATCH = YES;
				"CODE_SIGN_IDENTITY[sdk=iphoneos*]" = "iPhone Developer";
				COPY_PHASE_STRIP = YES;
				ENABLE_NS_ASSERTIONS = NO;
				ENABLE_STRICT_OBJC_MSGSEND = YES;
				GCC_C_LANGUAGE_STANDARD = gnu99;
				GCC_WARN_64_TO_32_BIT_CONVERSION = YES;
				GCC_WARN_ABOUT_RETURN_TYPE = YES_ERROR;
				GCC_WARN_UNDECLARED_SELECTOR = YES;
				GCC_WARN_UNINITIALIZED_AUTOS = YES_AGGRESSIVE;
				GCC_WARN_UNUSED_FUNCTION = YES;
				GCC_WARN_UNUSED_VARIABLE = YES;
				IPHONEOS_DEPLOYMENT_TARGET = 8.1;
				MTL_ENABLE_DEBUG_INFO = NO;
				SDKROOT = iphoneos;
				VALIDATE_PRODUCT = YES;
			};
			name = Release;
		};
		74FB8AB71AA6BA4D00849706 /* Debug */ = {
			isa = XCBuildConfiguration;
			buildSettings = {
				ASSETCATALOG_COMPILER_APPICON_NAME = AppIcon;
				INFOPLIST_FILE = Nothing2Do/Info.plist;
				IPHONEOS_DEPLOYMENT_TARGET = 8.0;
				LD_RUNPATH_SEARCH_PATHS = "$(inherited) @executable_path/Frameworks";
				PRODUCT_NAME = "$(TARGET_NAME)";
			};
			name = Debug;
		};
		74FB8AB81AA6BA4D00849706 /* Release */ = {
			isa = XCBuildConfiguration;
			buildSettings = {
				ASSETCATALOG_COMPILER_APPICON_NAME = AppIcon;
				INFOPLIST_FILE = Nothing2Do/Info.plist;
				IPHONEOS_DEPLOYMENT_TARGET = 8.0;
				LD_RUNPATH_SEARCH_PATHS = "$(inherited) @executable_path/Frameworks";
				PRODUCT_NAME = "$(TARGET_NAME)";
			};
			name = Release;
		};
		74FB8ABA1AA6BA4D00849706 /* Debug */ = {
			isa = XCBuildConfiguration;
			buildSettings = {
				BUNDLE_LOADER = "$(TEST_HOST)";
				FRAMEWORK_SEARCH_PATHS = (
					"$(SDKROOT)/Developer/Library/Frameworks",
					"$(inherited)",
				);
				GCC_PREPROCESSOR_DEFINITIONS = (
					"DEBUG=1",
					"$(inherited)",
				);
				INFOPLIST_FILE = Nothing2DoTests/Info.plist;
				LD_RUNPATH_SEARCH_PATHS = "$(inherited) @executable_path/Frameworks @loader_path/Frameworks";
				PRODUCT_NAME = "$(TARGET_NAME)";
				TEST_HOST = "$(BUILT_PRODUCTS_DIR)/Nothing2Do.app/Nothing2Do";
			};
			name = Debug;
		};
		74FB8ABB1AA6BA4D00849706 /* Release */ = {
			isa = XCBuildConfiguration;
			buildSettings = {
				BUNDLE_LOADER = "$(TEST_HOST)";
				FRAMEWORK_SEARCH_PATHS = (
					"$(SDKROOT)/Developer/Library/Frameworks",
					"$(inherited)",
				);
				INFOPLIST_FILE = Nothing2DoTests/Info.plist;
				LD_RUNPATH_SEARCH_PATHS = "$(inherited) @executable_path/Frameworks @loader_path/Frameworks";
				PRODUCT_NAME = "$(TARGET_NAME)";
				TEST_HOST = "$(BUILT_PRODUCTS_DIR)/Nothing2Do.app/Nothing2Do";
			};
			name = Release;
		};
/* End XCBuildConfiguration section */

/* Begin XCConfigurationList section */
		74FB8A8E1AA6BA4D00849706 /* Build configuration list for PBXProject "Nothing2Do" */ = {
			isa = XCConfigurationList;
			buildConfigurations = (
				74FB8AB41AA6BA4D00849706 /* Debug */,
				74FB8AB51AA6BA4D00849706 /* Release */,
			);
			defaultConfigurationIsVisible = 0;
			defaultConfigurationName = Release;
		};
		74FB8AB61AA6BA4D00849706 /* Build configuration list for PBXNativeTarget "Nothing2Do" */ = {
			isa = XCConfigurationList;
			buildConfigurations = (
				74FB8AB71AA6BA4D00849706 /* Debug */,
				74FB8AB81AA6BA4D00849706 /* Release */,
			);
			defaultConfigurationIsVisible = 0;
		};
		74FB8AB91AA6BA4D00849706 /* Build configuration list for PBXNativeTarget "Nothing2DoTests" */ = {
			isa = XCConfigurationList;
			buildConfigurations = (
				74FB8ABA1AA6BA4D00849706 /* Debug */,
				74FB8ABB1AA6BA4D00849706 /* Release */,
			);
			defaultConfigurationIsVisible = 0;
		};
/* End XCConfigurationList section */
	};
	rootObject = 74FB8A8B1AA6BA4D00849706 /* Project object */;
}
